
Microsoft Visual Studio Solution File, Format Version 12.00
# Visual Studio Version 16
VisualStudioVersion = 16.0.28803.202
MinimumVisualStudioVersion = 10.0.40219.1
Project("{FAE04EC0-301F-11D3-BF4B-00C04F79EFBC}") = "CKDataViewer", "CKDataViewer\CKDataViewer.csproj", "{CE17B12D-747F-4F94-8396-A436A6F7BD0D}"
EndProject
Project("{FAE04EC0-301F-11D3-BF4B-00C04F79EFBC}") = "CKDataToolbox", "CKDataToolbox\CKDataToolbox.csproj", "{919F3145-179A-42F0-B67A-559FD71F7A9E}"
EndProject
Project("{FAE04EC0-301F-11D3-BF4B-00C04F79EFBC}") = "CKPIDTuner", "CKPIDTuner\CKPIDTuner.csproj", "{9611CA52-0895-4BED-BC10-C46A584EF6F2}"
EndProject
Global
	GlobalSection(SolutionConfigurationPlatforms) = preSolution
		Debug|Any CPU = Debug|Any CPU
		Release|Any CPU = Release|Any CPU
	EndGlobalSection
	GlobalSection(ProjectConfigurationPlatforms) = postSolution
		{CE17B12D-747F-4F94-8396-A436A6F7BD0D}.Debug|Any CPU.ActiveCfg = Debug|Any CPU
		{CE17B12D-747F-4F94-8396-A436A6F7BD0D}.Debug|Any CPU.Build.0 = Debug|Any CPU
		{CE17B12D-747F-4F94-8396-A436A6F7BD0D}.Release|Any CPU.ActiveCfg = Release|Any CPU
		{CE17B12D-747F-4F94-8396-A436A6F7BD0D}.Release|Any CPU.Build.0 = Release|Any CPU
		{919F3145-179A-42F0-B67A-559FD71F7A9E}.Debug|Any CPU.ActiveCfg = Debug|Any CPU
		{919F3145-179A-42F0-B67A-559FD71F7A9E}.Debug|Any CPU.Build.0 = Debug|Any CPU
		{919F3145-179A-42F0-B67A-559FD71F7A9E}.Release|Any CPU.ActiveCfg = Release|Any CPU
		{919F3145-179A-42F0-B67A-559FD71F7A9E}.Release|Any CPU.Build.0 = Release|Any CPU
		{9611CA52-0895-4BED-BC10-C46A584EF6F2}.Debug|Any CPU.ActiveCfg = Debug|Any CPU
		{9611CA52-0895-4BED-BC10-C46A584EF6F2}.Debug|Any CPU.Build.0 = Debug|Any CPU
		{9611CA52-0895-4BED-BC10-C46A584EF6F2}.Release|Any CPU.ActiveCfg = Release|Any CPU
		{9611CA52-0895-4BED-BC10-C46A584EF6F2}.Release|Any CPU.Build.0 = Release|Any CPU
	EndGlobalSection
	GlobalSection(SolutionProperties) = preSolution
		HideSolutionNode = FALSE
	EndGlobalSection
	GlobalSection(ExtensibilityGlobals) = postSolution
		SolutionGuid = {7434E85B-91C7-454C-99D3-F8A94996B86F}
	EndGlobalSection
EndGlobal
